// !$*UTF8*$!
{
	archiveVersion = 1;
	classes = {
	};
	objectVersion = 77;
	objects = {

/* Begin PBXBuildFile section */
		0BEC79FC7E7CAFC7B2D0282B /* ParkedCarManagerTests.swift in Sources */ = {isa = PBXBuildFile; fileRef = 4B0FD1B83924F93F86CEE988 /* ParkedCarManagerTests.swift */; };
		0D41A4172D33E17EA5A6DDDC /* SweepingRuleEngineTests.swift in Sources */ = {isa = PBXBuildFile; fileRef = 0AD045602739A4A3410D6A3B /* SweepingRuleEngineTests.swift */; };
		0EA73A1B0CD318A0C9983191 /* SweepingRuleEngine.swift in Sources */ = {isa = PBXBuildFile; fileRef = C5FA5359CF40EA1094CB29C0 /* SweepingRuleEngine.swift */; };
		130945C9D02C198D1FB7B691 /* OverlayPipelineTests.swift in Sources */ = {isa = PBXBuildFile; fileRef = 470460C0212BE9AD00557E2A /* OverlayPipelineTests.swift */; };
		1A14B723B27477B8FCCCBC8F /* easystreet.db in Resources */ = {isa = PBXBuildFile; fileRef = "TEMP_BC228863-A012-49C6-8BA2-18AD94D50154" /* easystreet.db */; };
		1D94599A73A6C1070DE46F4E /* ParkingRepository.swift in Sources */ = {isa = PBXBuildFile; fileRef = 785A8A505F1F7300484852EB /* ParkingRepository.swift */; };
		2ACB8542EB64CCC43C8A6C70 /* HitTestingTests.swift in Sources */ = {isa = PBXBuildFile; fileRef = 97138187A5FF0744CFA10D39 /* HitTestingTests.swift */; };
		2B46DF4BB8A064BEFA0C552E /* SearchResultsView.swift in Sources */ = {isa = PBXBuildFile; fileRef = ECBD0B5346AB89FFA5A4C567 /* SearchResultsView.swift */; };
		2B74C32A3DA95FCD0AEAA063 /* libsqlite3.tbd in Frameworks */ = {isa = PBXBuildFile; fileRef = 238D1BC52B46EF1EE811B1C2 /* libsqlite3.tbd */; };
		2F1DFFF5E43327D07FC06F72 /* StreetSweepingData.swift in Sources */ = {isa = PBXBuildFile; fileRef = 6F918729EE3FC1B5C228DD5C /* StreetSweepingData.swift */; };
		37AAC83FFEFE2240490CEBE9 /* AppDelegate.swift in Sources */ = {isa = PBXBuildFile; fileRef = "TEMP_15E5D567-B512-4E41-B230-16EF4EA89C89" /* AppDelegate.swift */; };
		4158AB6A8C7911682EFB1BA7 /* StreetRepository.swift in Sources */ = {isa = PBXBuildFile; fileRef = 435C724A0547DCF1B8116F1C /* StreetRepository.swift */; };
		4736C35D84A11D7188AAF6BB /* DatabaseManager.swift in Sources */ = {isa = PBXBuildFile; fileRef = 4C9AFE35B91C540152709EBF /* DatabaseManager.swift */; };
		4F4B516420145A85EDBD3762 /* MapHitTesting.swift in Sources */ = {isa = PBXBuildFile; fileRef = 311AA702462DA0CDCF0F286B /* MapHitTesting.swift */; };
		50A81F1A0D9B44267E48BA21 /* StreetDetailViewController.swift in Sources */ = {isa = PBXBuildFile; fileRef = 1BB89833A27822D5C8374C34 /* StreetDetailViewController.swift */; };
		5CDB8D6B491270A1D02C8976 /* StreetRepositoryTests.swift in Sources */ = {isa = PBXBuildFile; fileRef = 0EA553BD9B81FACEB7B49178 /* StreetRepositoryTests.swift */; };
		69A60DA970B6D0E66C294146 /* ParkingCardView.swift in Sources */ = {isa = PBXBuildFile; fileRef = D0CEA45D1E26341DDB7A90E4 /* ParkingCardView.swift */; };
		6B986613A6527A3CBE504F07 /* easystreet.db-wal in Resources */ = {isa = PBXBuildFile; fileRef = "TEMP_194C6A40-6672-4FCD-99BB-A6A978DE9F91" /* easystreet.db-wal */; };
		791157B5CBA6B552C21279AC /* ParkedCar.swift in Sources */ = {isa = PBXBuildFile; fileRef = 70BF8D06C110A60A014D36AF /* ParkedCar.swift */; };
		79DD4DA6D66D1039CD2E66A3 /* convert_json_to_sqlite.py in Resources */ = {isa = PBXBuildFile; fileRef = 12D6D161E20F39DC24A42116 /* convert_json_to_sqlite.py */; };
		8027E96FF5F7C97D6CD25BCE /* easystreet.db-shm in Resources */ = {isa = PBXBuildFile; fileRef = "TEMP_5DFD7C08-3759-438A-B1DC-AF4420AB5985" /* easystreet.db-shm */; };
		8BA9531CD59CC5478AA0E347 /* SceneDelegate.swift in Sources */ = {isa = PBXBuildFile; fileRef = "TEMP_6F004556-9FFE-4E14-B81E-20F62FB01EC4" /* SceneDelegate.swift */; };
		93F209B5539A070AF0427BE2 /* OfflineBannerView.swift in Sources */ = {isa = PBXBuildFile; fileRef = C3CF9E23C710430299EDF824 /* OfflineBannerView.swift */; };
		A247C5D4FDF534753EC37179 /* SweepingRuleEngineStatusTests.swift in Sources */ = {isa = PBXBuildFile; fileRef = BC2B912A648F1F3E9A0872A1 /* SweepingRuleEngineStatusTests.swift */; };
		AFD0E73C0B816545CF66C675 /* Assets.xcassets in Resources */ = {isa = PBXBuildFile; fileRef = "TEMP_3B94E6B9-90F7-462D-947D-343056F1AED3" /* Assets.xcassets */; };
		B2A4B4294ABEF028734088FF /* Network.framework in Frameworks */ = {isa = PBXBuildFile; fileRef = 615862261A7305056A35C3D6 /* Network.framework */; };
		B3C965968B88F7A46A6A9CDA /* StreetDetailTests.swift in Sources */ = {isa = PBXBuildFile; fileRef = 281EED4D40158316166BA6FB /* StreetDetailTests.swift */; };
		C48F011340F43FA6330D098A /* ConnectivityMonitor.swift in Sources */ = {isa = PBXBuildFile; fileRef = 3DB4AF1201F3D68B74354AD2 /* ConnectivityMonitor.swift */; };
		CB8C863BAFCBDD45F18A5BB8 /* HolidayCalculator.swift in Sources */ = {isa = PBXBuildFile; fileRef = B2A3E0A2271716CA4760307E /* HolidayCalculator.swift */; };
		D60A42105620BA5DBBB6CEB9 /* MapViewController.swift in Sources */ = {isa = PBXBuildFile; fileRef = 93AC530761EE1086B5E7FCDD /* MapViewController.swift */; };
		DD9C322069BAEA41901715F9 /* DisclaimerManager.swift in Sources */ = {isa = PBXBuildFile; fileRef = 6D9690A088855FD41E0B7712 /* DisclaimerManager.swift */; };
		ECDBB6540FAB77EB61D62D30 /* DatabaseManagerTests.swift in Sources */ = {isa = PBXBuildFile; fileRef = 04F76A927B82B65CFDF3ED2D /* DatabaseManagerTests.swift */; };
		F0946001359CB1BC1C646F50 /* HolidayCalculatorTests.swift in Sources */ = {isa = PBXBuildFile; fileRef = C2325A19C259C4130A6FABD5 /* HolidayCalculatorTests.swift */; };
		F91BB1E359D467301BCAF76B /* MapColorStatusTests.swift in Sources */ = {isa = PBXBuildFile; fileRef = D167FA1D3F383D1C71A106EF /* MapColorStatusTests.swift */; };
		F95BC03031D5034135A95CD5 /* LaunchScreen.storyboard in Resources */ = {isa = PBXBuildFile; fileRef = "TEMP_363C54AE-96B9-490A-98C1-F06A8FAB71FD" /* LaunchScreen.storyboard */; };
		F987C5C56D8C00E68FD7457B /* sweeping_data_sf.json in Resources */ = {isa = PBXBuildFile; fileRef = "TEMP_D5F6F1E6-7766-46B4-B944-A5864755B44D" /* sweeping_data_sf.json */; };
		FCA0FD8277DC99840AEE0300 /* SpatialIndexTests.swift in Sources */ = {isa = PBXBuildFile; fileRef = 5AC1A71D5438D1AA53C2A696 /* SpatialIndexTests.swift */; };
/* End PBXBuildFile section */

/* Begin PBXContainerItemProxy section */
		E6F4F97017B70497D0ADD20A /* PBXContainerItemProxy */ = {
			isa = PBXContainerItemProxy;
			containerPortal = 18738428792331341B8D518A /* Project object */;
			proxyType = 1;
			remoteGlobalIDString = 8EE3AF2ABD430E31FEB7CCEE;
			remoteInfo = EasyStreet;
		};
/* End PBXContainerItemProxy section */

/* Begin PBXFileReference section */
		04F76A927B82B65CFDF3ED2D /* DatabaseManagerTests.swift */ = {isa = PBXFileReference; lastKnownFileType = sourcecode.swift; path = DatabaseManagerTests.swift; sourceTree = "<group>"; };
		0AD045602739A4A3410D6A3B /* SweepingRuleEngineTests.swift */ = {isa = PBXFileReference; lastKnownFileType = sourcecode.swift; path = SweepingRuleEngineTests.swift; sourceTree = "<group>"; };
		0EA553BD9B81FACEB7B49178 /* StreetRepositoryTests.swift */ = {isa = PBXFileReference; lastKnownFileType = sourcecode.swift; path = StreetRepositoryTests.swift; sourceTree = "<group>"; };
		0F8C57F542560F095A693733 /* EasyStreet.app */ = {isa = PBXFileReference; includeInIndex = 0; lastKnownFileType = wrapper.application; path = EasyStreet.app; sourceTree = BUILT_PRODUCTS_DIR; };
		12D6D161E20F39DC24A42116 /* convert_json_to_sqlite.py */ = {isa = PBXFileReference; lastKnownFileType = text.script.python; path = convert_json_to_sqlite.py; sourceTree = "<group>"; };
		1BB89833A27822D5C8374C34 /* StreetDetailViewController.swift */ = {isa = PBXFileReference; lastKnownFileType = sourcecode.swift; path = StreetDetailViewController.swift; sourceTree = "<group>"; };
		238D1BC52B46EF1EE811B1C2 /* libsqlite3.tbd */ = {isa = PBXFileReference; lastKnownFileType = "sourcecode.text-based-dylib-definition"; name = libsqlite3.tbd; path = usr/lib/libsqlite3.tbd; sourceTree = SDKROOT; };
		281EED4D40158316166BA6FB /* StreetDetailTests.swift */ = {isa = PBXFileReference; lastKnownFileType = sourcecode.swift; path = StreetDetailTests.swift; sourceTree = "<group>"; };
		311AA702462DA0CDCF0F286B /* MapHitTesting.swift */ = {isa = PBXFileReference; lastKnownFileType = sourcecode.swift; path = MapHitTesting.swift; sourceTree = "<group>"; };
		3DB4AF1201F3D68B74354AD2 /* ConnectivityMonitor.swift */ = {isa = PBXFileReference; lastKnownFileType = sourcecode.swift; path = ConnectivityMonitor.swift; sourceTree = "<group>"; };
		435C724A0547DCF1B8116F1C /* StreetRepository.swift */ = {isa = PBXFileReference; lastKnownFileType = sourcecode.swift; path = StreetRepository.swift; sourceTree = "<group>"; };
		470460C0212BE9AD00557E2A /* OverlayPipelineTests.swift */ = {isa = PBXFileReference; lastKnownFileType = sourcecode.swift; path = OverlayPipelineTests.swift; sourceTree = "<group>"; };
		4B0FD1B83924F93F86CEE988 /* ParkedCarManagerTests.swift */ = {isa = PBXFileReference; lastKnownFileType = sourcecode.swift; path = ParkedCarManagerTests.swift; sourceTree = "<group>"; };
		4C9AFE35B91C540152709EBF /* DatabaseManager.swift */ = {isa = PBXFileReference; lastKnownFileType = sourcecode.swift; path = DatabaseManager.swift; sourceTree = "<group>"; };
		5AC1A71D5438D1AA53C2A696 /* SpatialIndexTests.swift */ = {isa = PBXFileReference; lastKnownFileType = sourcecode.swift; path = SpatialIndexTests.swift; sourceTree = "<group>"; };
		615862261A7305056A35C3D6 /* Network.framework */ = {isa = PBXFileReference; lastKnownFileType = wrapper.framework; name = Network.framework; path = System/Library/Frameworks/Network.framework; sourceTree = SDKROOT; };
		6D9690A088855FD41E0B7712 /* DisclaimerManager.swift */ = {isa = PBXFileReference; lastKnownFileType = sourcecode.swift; path = DisclaimerManager.swift; sourceTree = "<group>"; };
		6F918729EE3FC1B5C228DD5C /* StreetSweepingData.swift */ = {isa = PBXFileReference; lastKnownFileType = sourcecode.swift; path = StreetSweepingData.swift; sourceTree = "<group>"; };
		70BF8D06C110A60A014D36AF /* ParkedCar.swift */ = {isa = PBXFileReference; lastKnownFileType = sourcecode.swift; path = ParkedCar.swift; sourceTree = "<group>"; };
		785A8A505F1F7300484852EB /* ParkingRepository.swift */ = {isa = PBXFileReference; lastKnownFileType = sourcecode.swift; path = ParkingRepository.swift; sourceTree = "<group>"; };
		93AC530761EE1086B5E7FCDD /* MapViewController.swift */ = {isa = PBXFileReference; lastKnownFileType = sourcecode.swift; path = MapViewController.swift; sourceTree = "<group>"; };
		97138187A5FF0744CFA10D39 /* HitTestingTests.swift */ = {isa = PBXFileReference; lastKnownFileType = sourcecode.swift; path = HitTestingTests.swift; sourceTree = "<group>"; };
		B2A3E0A2271716CA4760307E /* HolidayCalculator.swift */ = {isa = PBXFileReference; lastKnownFileType = sourcecode.swift; path = HolidayCalculator.swift; sourceTree = "<group>"; };
		BC2B912A648F1F3E9A0872A1 /* SweepingRuleEngineStatusTests.swift */ = {isa = PBXFileReference; lastKnownFileType = sourcecode.swift; path = SweepingRuleEngineStatusTests.swift; sourceTree = "<group>"; };
		C2325A19C259C4130A6FABD5 /* HolidayCalculatorTests.swift */ = {isa = PBXFileReference; lastKnownFileType = sourcecode.swift; path = HolidayCalculatorTests.swift; sourceTree = "<group>"; };
		C3CF9E23C710430299EDF824 /* OfflineBannerView.swift */ = {isa = PBXFileReference; lastKnownFileType = sourcecode.swift; path = OfflineBannerView.swift; sourceTree = "<group>"; };
		C5FA5359CF40EA1094CB29C0 /* SweepingRuleEngine.swift */ = {isa = PBXFileReference; lastKnownFileType = sourcecode.swift; path = SweepingRuleEngine.swift; sourceTree = "<group>"; };
		D0CEA45D1E26341DDB7A90E4 /* ParkingCardView.swift */ = {isa = PBXFileReference; lastKnownFileType = sourcecode.swift; path = ParkingCardView.swift; sourceTree = "<group>"; };
		D0D3B302DE0A3FB2F31786DB /* EasyStreetTests.xctest */ = {isa = PBXFileReference; includeInIndex = 0; lastKnownFileType = wrapper.cfbundle; path = EasyStreetTests.xctest; sourceTree = BUILT_PRODUCTS_DIR; };
		D167FA1D3F383D1C71A106EF /* MapColorStatusTests.swift */ = {isa = PBXFileReference; lastKnownFileType = sourcecode.swift; path = MapColorStatusTests.swift; sourceTree = "<group>"; };
		ECBD0B5346AB89FFA5A4C567 /* SearchResultsView.swift */ = {isa = PBXFileReference; lastKnownFileType = sourcecode.swift; path = SearchResultsView.swift; sourceTree = "<group>"; };
		"TEMP_15E5D567-B512-4E41-B230-16EF4EA89C89" /* AppDelegate.swift */ = {isa = PBXFileReference; lastKnownFileType = sourcecode.swift; path = AppDelegate.swift; sourceTree = "<group>"; };
		"TEMP_194C6A40-6672-4FCD-99BB-A6A978DE9F91" /* easystreet.db-wal */ = {isa = PBXFileReference; path = "easystreet.db-wal"; sourceTree = "<group>"; };
		"TEMP_363C54AE-96B9-490A-98C1-F06A8FAB71FD" /* LaunchScreen.storyboard */ = {isa = PBXFileReference; lastKnownFileType = file.storyboard; path = LaunchScreen.storyboard; sourceTree = "<group>"; };
		"TEMP_3B94E6B9-90F7-462D-947D-343056F1AED3" /* Assets.xcassets */ = {isa = PBXFileReference; lastKnownFileType = folder.assetcatalog; path = Assets.xcassets; sourceTree = "<group>"; };
		"TEMP_5DFD7C08-3759-438A-B1DC-AF4420AB5985" /* easystreet.db-shm */ = {isa = PBXFileReference; path = "easystreet.db-shm"; sourceTree = "<group>"; };
		"TEMP_6F004556-9FFE-4E14-B81E-20F62FB01EC4" /* SceneDelegate.swift */ = {isa = PBXFileReference; lastKnownFileType = sourcecode.swift; path = SceneDelegate.swift; sourceTree = "<group>"; };
		"TEMP_81870EA1-35EB-474D-9FA6-CF9D42EF3829" /* Info.plist */ = {isa = PBXFileReference; lastKnownFileType = text.plist; path = Info.plist; sourceTree = "<group>"; };
		"TEMP_BC228863-A012-49C6-8BA2-18AD94D50154" /* easystreet.db */ = {isa = PBXFileReference; path = easystreet.db; sourceTree = "<group>"; };
		"TEMP_D5F6F1E6-7766-46B4-B944-A5864755B44D" /* sweeping_data_sf.json */ = {isa = PBXFileReference; lastKnownFileType = text.json; path = sweeping_data_sf.json; sourceTree = "<group>"; };
/* End PBXFileReference section */

/* Begin PBXFrameworksBuildPhase section */
		06C33CEBB567B2CE2C62E5BD /* Frameworks */ = {
			isa = PBXFrameworksBuildPhase;
			buildActionMask = 2147483647;
			files = (
				2B74C32A3DA95FCD0AEAA063 /* libsqlite3.tbd in Frameworks */,
				B2A4B4294ABEF028734088FF /* Network.framework in Frameworks */,
			);
			runOnlyForDeploymentPostprocessing = 0;
		};
/* End PBXFrameworksBuildPhase section */

/* Begin PBXGroup section */
		109BBBC6FA2FA5875CEAB48C /* Views */ = {
			isa = PBXGroup;
			children = (
				C3CF9E23C710430299EDF824 /* OfflineBannerView.swift */,
				D0CEA45D1E26341DDB7A90E4 /* ParkingCardView.swift */,
				ECBD0B5346AB89FFA5A4C567 /* SearchResultsView.swift */,
			);
			path = Views;
			sourceTree = "<group>";
		};
		223DDE377931B138E6EAB63D = {
			isa = PBXGroup;
			children = (
				95B23ACF3A4690430D6470CD /* Controllers */,
				275B9FFFBDE239EC8ED1E45F /* Data */,
				B70DCEFC42D6F724D48B4F0A /* EasyStreet */,
				642021DD8584264E52913303 /* Models */,
				DBD2479F37C57E55DACD75E8 /* tools */,
				62F855B908F2BECFE2273D86 /* Utils */,
				109BBBC6FA2FA5875CEAB48C /* Views */,
				7825675030022747C9DDDD41 /* Frameworks */,
				EFF42E369162A4F198FDF8D2 /* Products */,
			);
			sourceTree = "<group>";
		};
		275B9FFFBDE239EC8ED1E45F /* Data */ = {
			isa = PBXGroup;
			children = (
				4C9AFE35B91C540152709EBF /* DatabaseManager.swift */,
				785A8A505F1F7300484852EB /* ParkingRepository.swift */,
				435C724A0547DCF1B8116F1C /* StreetRepository.swift */,
			);
			path = Data;
			sourceTree = "<group>";
		};
		62F855B908F2BECFE2273D86 /* Utils */ = {
			isa = PBXGroup;
			children = (
				3DB4AF1201F3D68B74354AD2 /* ConnectivityMonitor.swift */,
				6D9690A088855FD41E0B7712 /* DisclaimerManager.swift */,
				B2A3E0A2271716CA4760307E /* HolidayCalculator.swift */,
				311AA702462DA0CDCF0F286B /* MapHitTesting.swift */,
				C5FA5359CF40EA1094CB29C0 /* SweepingRuleEngine.swift */,
			);
			path = Utils;
			sourceTree = "<group>";
		};
		642021DD8584264E52913303 /* Models */ = {
			isa = PBXGroup;
			children = (
				70BF8D06C110A60A014D36AF /* ParkedCar.swift */,
				6F918729EE3FC1B5C228DD5C /* StreetSweepingData.swift */,
			);
			path = Models;
			sourceTree = "<group>";
		};
		7825675030022747C9DDDD41 /* Frameworks */ = {
			isa = PBXGroup;
			children = (
				238D1BC52B46EF1EE811B1C2 /* libsqlite3.tbd */,
				615862261A7305056A35C3D6 /* Network.framework */,
			);
			name = Frameworks;
			sourceTree = "<group>";
		};
		95B23ACF3A4690430D6470CD /* Controllers */ = {
			isa = PBXGroup;
			children = (
				93AC530761EE1086B5E7FCDD /* MapViewController.swift */,
				1BB89833A27822D5C8374C34 /* StreetDetailViewController.swift */,
			);
			path = Controllers;
			sourceTree = "<group>";
		};
		B70DCEFC42D6F724D48B4F0A /* EasyStreet */ = {
			isa = PBXGroup;
			children = (
				BADA49456E59BECE32441E52 /* EasyStreetTests */,
			);
			name = EasyStreet;
			path = ..;
			sourceTree = "<group>";
		};
		BADA49456E59BECE32441E52 /* EasyStreetTests */ = {
			isa = PBXGroup;
			children = (
				04F76A927B82B65CFDF3ED2D /* DatabaseManagerTests.swift */,
				97138187A5FF0744CFA10D39 /* HitTestingTests.swift */,
				C2325A19C259C4130A6FABD5 /* HolidayCalculatorTests.swift */,
				D167FA1D3F383D1C71A106EF /* MapColorStatusTests.swift */,
				470460C0212BE9AD00557E2A /* OverlayPipelineTests.swift */,
				4B0FD1B83924F93F86CEE988 /* ParkedCarManagerTests.swift */,
				5AC1A71D5438D1AA53C2A696 /* SpatialIndexTests.swift */,
				281EED4D40158316166BA6FB /* StreetDetailTests.swift */,
				0EA553BD9B81FACEB7B49178 /* StreetRepositoryTests.swift */,
				BC2B912A648F1F3E9A0872A1 /* SweepingRuleEngineStatusTests.swift */,
				0AD045602739A4A3410D6A3B /* SweepingRuleEngineTests.swift */,
			);
			path = EasyStreetTests;
			sourceTree = "<group>";
		};
		DBD2479F37C57E55DACD75E8 /* tools */ = {
			isa = PBXGroup;
			children = (
				12D6D161E20F39DC24A42116 /* convert_json_to_sqlite.py */,
			);
			path = tools;
			sourceTree = "<group>";
		};
		EFF42E369162A4F198FDF8D2 /* Products */ = {
			isa = PBXGroup;
			children = (
				0F8C57F542560F095A693733 /* EasyStreet.app */,
				D0D3B302DE0A3FB2F31786DB /* EasyStreetTests.xctest */,
			);
			name = Products;
			sourceTree = "<group>";
		};
		"TEMP_82FCFE5D-55B0-476D-8307-FBD0F9A1E456" /* EasyStreet */ = {
			isa = PBXGroup;
			children = (
				"TEMP_363C54AE-96B9-490A-98C1-F06A8FAB71FD" /* LaunchScreen.storyboard */,
				"TEMP_BC228863-A012-49C6-8BA2-18AD94D50154" /* easystreet.db */,
				"TEMP_3B94E6B9-90F7-462D-947D-343056F1AED3" /* Assets.xcassets */,
				"TEMP_15E5D567-B512-4E41-B230-16EF4EA89C89" /* AppDelegate.swift */,
				"TEMP_5DFD7C08-3759-438A-B1DC-AF4420AB5985" /* easystreet.db-shm */,
				"TEMP_194C6A40-6672-4FCD-99BB-A6A978DE9F91" /* easystreet.db-wal */,
				"TEMP_D5F6F1E6-7766-46B4-B944-A5864755B44D" /* sweeping_data_sf.json */,
				"TEMP_81870EA1-35EB-474D-9FA6-CF9D42EF3829" /* Info.plist */,
				"TEMP_6F004556-9FFE-4E14-B81E-20F62FB01EC4" /* SceneDelegate.swift */,
				DBD2479F37C57E55DACD75E8 /* tools */,
				62F855B908F2BECFE2273D86 /* Utils */,
				642021DD8584264E52913303 /* Models */,
				95B23ACF3A4690430D6470CD /* Controllers */,
				275B9FFFBDE239EC8ED1E45F /* Data */,
				109BBBC6FA2FA5875CEAB48C /* Views */,
			);
			path = EasyStreet;
			sourceTree = "<group>";
		};
/* End PBXGroup section */

/* Begin PBXNativeTarget section */
		5D0B9D54B74D96704652E33E /* EasyStreetTests */ = {
			isa = PBXNativeTarget;
			buildConfigurationList = 6947F0DA18C0806D481E34A1 /* Build configuration list for PBXNativeTarget "EasyStreetTests" */;
			buildPhases = (
				F455A42D38F5092175BB9B92 /* Sources */,
			);
			buildRules = (
			);
			dependencies = (
				B3E57C80D90531AF03B05D5D /* PBXTargetDependency */,
			);
			name = EasyStreetTests;
			packageProductDependencies = (
			);
			productName = EasyStreetTests;
			productReference = D0D3B302DE0A3FB2F31786DB /* EasyStreetTests.xctest */;
			productType = "com.apple.product-type.bundle.unit-test";
		};
		8EE3AF2ABD430E31FEB7CCEE /* EasyStreet */ = {
			isa = PBXNativeTarget;
			buildConfigurationList = 08742D5F6BA1528541E1E776 /* Build configuration list for PBXNativeTarget "EasyStreet" */;
			buildPhases = (
				4F70858C0D39FC5521E59B12 /* Sources */,
				6E6026529F57454056911614 /* Resources */,
				06C33CEBB567B2CE2C62E5BD /* Frameworks */,
			);
			buildRules = (
			);
			dependencies = (
			);
			name = EasyStreet;
			packageProductDependencies = (
			);
			productName = EasyStreet;
			productReference = 0F8C57F542560F095A693733 /* EasyStreet.app */;
			productType = "com.apple.product-type.application";
		};
/* End PBXNativeTarget section */

/* Begin PBXProject section */
		18738428792331341B8D518A /* Project object */ = {
			isa = PBXProject;
			attributes = {
				BuildIndependentTargetsInParallel = YES;
				LastUpgradeCheck = 1430;
			};
			buildConfigurationList = 271684023474B5EF12FBFBAB /* Build configuration list for PBXProject "EasyStreet" */;
			compatibilityVersion = "Xcode 14.0";
			developmentRegion = en;
			hasScannedForEncodings = 0;
			knownRegions = (
				Base,
				en,
			);
			mainGroup = 223DDE377931B138E6EAB63D;
			minimizedProjectReferenceProxies = 1;
			preferredProjectObjectVersion = 77;
			projectDirPath = "";
			projectRoot = "";
			targets = (
				8EE3AF2ABD430E31FEB7CCEE /* EasyStreet */,
				5D0B9D54B74D96704652E33E /* EasyStreetTests */,
			);
		};
/* End PBXProject section */

/* Begin PBXResourcesBuildPhase section */
		6E6026529F57454056911614 /* Resources */ = {
			isa = PBXResourcesBuildPhase;
			buildActionMask = 2147483647;
			files = (
				AFD0E73C0B816545CF66C675 /* Assets.xcassets in Resources */,
				F95BC03031D5034135A95CD5 /* LaunchScreen.storyboard in Resources */,
				79DD4DA6D66D1039CD2E66A3 /* convert_json_to_sqlite.py in Resources */,
				1A14B723B27477B8FCCCBC8F /* easystreet.db in Resources */,
				8027E96FF5F7C97D6CD25BCE /* easystreet.db-shm in Resources */,
				6B986613A6527A3CBE504F07 /* easystreet.db-wal in Resources */,
				F987C5C56D8C00E68FD7457B /* sweeping_data_sf.json in Resources */,
			);
			runOnlyForDeploymentPostprocessing = 0;
		};
/* End PBXResourcesBuildPhase section */

/* Begin PBXSourcesBuildPhase section */
		4F70858C0D39FC5521E59B12 /* Sources */ = {
			isa = PBXSourcesBuildPhase;
			buildActionMask = 2147483647;
			files = (
				37AAC83FFEFE2240490CEBE9 /* AppDelegate.swift in Sources */,
				C48F011340F43FA6330D098A /* ConnectivityMonitor.swift in Sources */,
				4736C35D84A11D7188AAF6BB /* DatabaseManager.swift in Sources */,
				DD9C322069BAEA41901715F9 /* DisclaimerManager.swift in Sources */,
				CB8C863BAFCBDD45F18A5BB8 /* HolidayCalculator.swift in Sources */,
				4F4B516420145A85EDBD3762 /* MapHitTesting.swift in Sources */,
				D60A42105620BA5DBBB6CEB9 /* MapViewController.swift in Sources */,
				93F209B5539A070AF0427BE2 /* OfflineBannerView.swift in Sources */,
				791157B5CBA6B552C21279AC /* ParkedCar.swift in Sources */,
				69A60DA970B6D0E66C294146 /* ParkingCardView.swift in Sources */,
				1D94599A73A6C1070DE46F4E /* ParkingRepository.swift in Sources */,
				8BA9531CD59CC5478AA0E347 /* SceneDelegate.swift in Sources */,
				2B46DF4BB8A064BEFA0C552E /* SearchResultsView.swift in Sources */,
				50A81F1A0D9B44267E48BA21 /* StreetDetailViewController.swift in Sources */,
				4158AB6A8C7911682EFB1BA7 /* StreetRepository.swift in Sources */,
				2F1DFFF5E43327D07FC06F72 /* StreetSweepingData.swift in Sources */,
				0EA73A1B0CD318A0C9983191 /* SweepingRuleEngine.swift in Sources */,
			);
			runOnlyForDeploymentPostprocessing = 0;
		};
		F455A42D38F5092175BB9B92 /* Sources */ = {
			isa = PBXSourcesBuildPhase;
			buildActionMask = 2147483647;
			files = (
				ECDBB6540FAB77EB61D62D30 /* DatabaseManagerTests.swift in Sources */,
				2ACB8542EB64CCC43C8A6C70 /* HitTestingTests.swift in Sources */,
				F0946001359CB1BC1C646F50 /* HolidayCalculatorTests.swift in Sources */,
				F91BB1E359D467301BCAF76B /* MapColorStatusTests.swift in Sources */,
				130945C9D02C198D1FB7B691 /* OverlayPipelineTests.swift in Sources */,
				0BEC79FC7E7CAFC7B2D0282B /* ParkedCarManagerTests.swift in Sources */,
				FCA0FD8277DC99840AEE0300 /* SpatialIndexTests.swift in Sources */,
				B3C965968B88F7A46A6A9CDA /* StreetDetailTests.swift in Sources */,
				5CDB8D6B491270A1D02C8976 /* StreetRepositoryTests.swift in Sources */,
				A247C5D4FDF534753EC37179 /* SweepingRuleEngineStatusTests.swift in Sources */,
				0D41A4172D33E17EA5A6DDDC /* SweepingRuleEngineTests.swift in Sources */,
			);
			runOnlyForDeploymentPostprocessing = 0;
		};
/* End PBXSourcesBuildPhase section */

/* Begin PBXTargetDependency section */
		B3E57C80D90531AF03B05D5D /* PBXTargetDependency */ = {
			isa = PBXTargetDependency;
			target = 8EE3AF2ABD430E31FEB7CCEE /* EasyStreet */;
			targetProxy = E6F4F97017B70497D0ADD20A /* PBXContainerItemProxy */;
		};
/* End PBXTargetDependency section */

/* Begin XCBuildConfiguration section */
		10510DEF506F1C49E9077F27 /* Release */ = {
			isa = XCBuildConfiguration;
			buildSettings = {
				ALWAYS_SEARCH_USER_PATHS = NO;
				CLANG_ANALYZER_NONNULL = YES;
				CLANG_ANALYZER_NUMBER_OBJECT_CONVERSION = YES_AGGRESSIVE;
				CLANG_CXX_LANGUAGE_STANDARD = "gnu++14";
				CLANG_CXX_LIBRARY = "libc++";
				CLANG_ENABLE_MODULES = YES;
				CLANG_ENABLE_OBJC_ARC = YES;
				CLANG_ENABLE_OBJC_WEAK = YES;
				CLANG_WARN_BLOCK_CAPTURE_AUTORELEASING = YES;
				CLANG_WARN_BOOL_CONVERSION = YES;
				CLANG_WARN_COMMA = YES;
				CLANG_WARN_CONSTANT_CONVERSION = YES;
				CLANG_WARN_DEPRECATED_OBJC_IMPLEMENTATIONS = YES;
				CLANG_WARN_DIRECT_OBJC_ISA_USAGE = YES_ERROR;
				CLANG_WARN_DOCUMENTATION_COMMENTS = YES;
				CLANG_WARN_EMPTY_BODY = YES;
				CLANG_WARN_ENUM_CONVERSION = YES;
				CLANG_WARN_INFINITE_RECURSION = YES;
				CLANG_WARN_INT_CONVERSION = YES;
				CLANG_WARN_NON_LITERAL_NULL_CONVERSION = YES;
				CLANG_WARN_OBJC_IMPLICIT_RETAIN_SELF = YES;
				CLANG_WARN_OBJC_LITERAL_CONVERSION = YES;
				CLANG_WARN_OBJC_ROOT_CLASS = YES_ERROR;
				CLANG_WARN_QUOTED_INCLUDE_IN_FRAMEWORK_HEADER = YES;
				CLANG_WARN_RANGE_LOOP_ANALYSIS = YES;
				CLANG_WARN_STRICT_PROTOTYPES = YES;
				CLANG_WARN_SUSPICIOUS_MOVE = YES;
				CLANG_WARN_UNGUARDED_AVAILABILITY = YES_AGGRESSIVE;
				CLANG_WARN_UNREACHABLE_CODE = YES;
				CLANG_WARN__DUPLICATE_METHOD_MATCH = YES;
				COPY_PHASE_STRIP = NO;
				DEBUG_INFORMATION_FORMAT = "dwarf-with-dsym";
				ENABLE_NS_ASSERTIONS = NO;
				ENABLE_STRICT_OBJC_MSGSEND = YES;
				GCC_C_LANGUAGE_STANDARD = gnu11;
				GCC_NO_COMMON_BLOCKS = YES;
				GCC_WARN_64_TO_32_BIT_CONVERSION = YES;
				GCC_WARN_ABOUT_RETURN_TYPE = YES_ERROR;
				GCC_WARN_UNDECLARED_SELECTOR = YES;
				GCC_WARN_UNINITIALIZED_AUTOS = YES_AGGRESSIVE;
				GCC_WARN_UNUSED_FUNCTION = YES;
				GCC_WARN_UNUSED_VARIABLE = YES;
				IPHONEOS_DEPLOYMENT_TARGET = 14.0;
				MTL_ENABLE_DEBUG_INFO = NO;
				MTL_FAST_MATH = YES;
				PRODUCT_NAME = "$(TARGET_NAME)";
				SDKROOT = iphoneos;
				SWIFT_COMPILATION_MODE = wholemodule;
				SWIFT_OPTIMIZATION_LEVEL = "-O";
				SWIFT_VERSION = 5.0;
			};
			name = Release;
		};
		648F58920CA9B85A3884623B /* Debug */ = {
			isa = XCBuildConfiguration;
			buildSettings = {
				BUNDLE_LOADER = "$(TEST_HOST)";
				GENERATE_INFOPLIST_FILE = YES;
				LD_RUNPATH_SEARCH_PATHS = (
					"$(inherited)",
					"@executable_path/Frameworks",
					"@loader_path/Frameworks",
				);
				PRODUCT_BUNDLE_IDENTIFIER = com.easystreet.app.tests;
				SDKROOT = iphoneos;
				SWIFT_VERSION = 5.0;
				TARGETED_DEVICE_FAMILY = "1,2";
				TEST_HOST = "$(BUILT_PRODUCTS_DIR)/EasyStreet.app/EasyStreet";
			};
			name = Debug;
		};
		66A0E30EC3493E39DB7EC094 /* Debug */ = {
			isa = XCBuildConfiguration;
			buildSettings = {
				ASSETCATALOG_COMPILER_APPICON_NAME = AppIcon;
				CODE_SIGN_IDENTITY = "iPhone Developer";
				INFOPLIST_FILE = Info.plist;
				LD_RUNPATH_SEARCH_PATHS = (
					"$(inherited)",
					"@executable_path/Frameworks",
				);
				PRODUCT_BUNDLE_IDENTIFIER = com.easystreet.app;
				SDKROOT = iphoneos;
				SWIFT_VERSION = 5.0;
				TARGETED_DEVICE_FAMILY = 1;
			};
			name = Debug;
		};
		6CBA1831EBA825220EC93839 /* Debug */ = {
			isa = XCBuildConfiguration;
			buildSettings = {
				ALWAYS_SEARCH_USER_PATHS = NO;
				CLANG_ANALYZER_NONNULL = YES;
				CLANG_ANALYZER_NUMBER_OBJECT_CONVERSION = YES_AGGRESSIVE;
				CLANG_CXX_LANGUAGE_STANDARD = "gnu++14";
				CLANG_CXX_LIBRARY = "libc++";
				CLANG_ENABLE_MODULES = YES;
				CLANG_ENABLE_OBJC_ARC = YES;
				CLANG_ENABLE_OBJC_WEAK = YES;
				CLANG_WARN_BLOCK_CAPTURE_AUTORELEASING = YES;
				CLANG_WARN_BOOL_CONVERSION = YES;
				CLANG_WARN_COMMA = YES;
				CLANG_WARN_CONSTANT_CONVERSION = YES;
				CLANG_WARN_DEPRECATED_OBJC_IMPLEMENTATIONS = YES;
				CLANG_WARN_DIRECT_OBJC_ISA_USAGE = YES_ERROR;
				CLANG_WARN_DOCUMENTATION_COMMENTS = YES;
				CLANG_WARN_EMPTY_BODY = YES;
				CLANG_WARN_ENUM_CONVERSION = YES;
				CLANG_WARN_INFINITE_RECURSION = YES;
				CLANG_WARN_INT_CONVERSION = YES;
				CLANG_WARN_NON_LITERAL_NULL_CONVERSION = YES;
				CLANG_WARN_OBJC_IMPLICIT_RETAIN_SELF = YES;
				CLANG_WARN_OBJC_LITERAL_CONVERSION = YES;
				CLANG_WARN_OBJC_ROOT_CLASS = YES_ERROR;
				CLANG_WARN_QUOTED_INCLUDE_IN_FRAMEWORK_HEADER = YES;
				CLANG_WARN_RANGE_LOOP_ANALYSIS = YES;
				CLANG_WARN_STRICT_PROTOTYPES = YES;
				CLANG_WARN_SUSPICIOUS_MOVE = YES;
				CLANG_WARN_UNGUARDED_AVAILABILITY = YES_AGGRESSIVE;
				CLANG_WARN_UNREACHABLE_CODE = YES;
				CLANG_WARN__DUPLICATE_METHOD_MATCH = YES;
				COPY_PHASE_STRIP = NO;
				DEBUG_INFORMATION_FORMAT = dwarf;
				ENABLE_STRICT_OBJC_MSGSEND = YES;
				ENABLE_TESTABILITY = YES;
				GCC_C_LANGUAGE_STANDARD = gnu11;
				GCC_DYNAMIC_NO_PIC = NO;
				GCC_NO_COMMON_BLOCKS = YES;
				GCC_OPTIMIZATION_LEVEL = 0;
				GCC_PREPROCESSOR_DEFINITIONS = (
					"$(inherited)",
					"DEBUG=1",
				);
				GCC_WARN_64_TO_32_BIT_CONVERSION = YES;
				GCC_WARN_ABOUT_RETURN_TYPE = YES_ERROR;
				GCC_WARN_UNDECLARED_SELECTOR = YES;
				GCC_WARN_UNINITIALIZED_AUTOS = YES_AGGRESSIVE;
				GCC_WARN_UNUSED_FUNCTION = YES;
				GCC_WARN_UNUSED_VARIABLE = YES;
				IPHONEOS_DEPLOYMENT_TARGET = 14.0;
				MTL_ENABLE_DEBUG_INFO = INCLUDE_SOURCE;
				MTL_FAST_MATH = YES;
				ONLY_ACTIVE_ARCH = YES;
				PRODUCT_NAME = "$(TARGET_NAME)";
				SDKROOT = iphoneos;
				SWIFT_ACTIVE_COMPILATION_CONDITIONS = DEBUG;
				SWIFT_OPTIMIZATION_LEVEL = "-Onone";
				SWIFT_VERSION = 5.0;
			};
			name = Debug;
		};
		8198FF135D12108017F9E80D /* Release */ = {
			isa = XCBuildConfiguration;
			buildSettings = {
				BUNDLE_LOADER = "$(TEST_HOST)";
				GENERATE_INFOPLIST_FILE = YES;
				LD_RUNPATH_SEARCH_PATHS = (
					"$(inherited)",
					"@executable_path/Frameworks",
					"@loader_path/Frameworks",
				);
				PRODUCT_BUNDLE_IDENTIFIER = com.easystreet.app.tests;
				SDKROOT = iphoneos;
				SWIFT_VERSION = 5.0;
				TARGETED_DEVICE_FAMILY = "1,2";
				TEST_HOST = "$(BUILT_PRODUCTS_DIR)/EasyStreet.app/EasyStreet";
			};
			name = Release;
		};
		AE8E0C6754BD8AF97082548B /* Release */ = {
			isa = XCBuildConfiguration;
			buildSettings = {
				ASSETCATALOG_COMPILER_APPICON_NAME = AppIcon;
				CODE_SIGN_IDENTITY = "iPhone Developer";
				INFOPLIST_FILE = Info.plist;
				LD_RUNPATH_SEARCH_PATHS = (
					"$(inherited)",
					"@executable_path/Frameworks",
				);
				PRODUCT_BUNDLE_IDENTIFIER = com.easystreet.app;
				SDKROOT = iphoneos;
				SWIFT_VERSION = 5.0;
				TARGETED_DEVICE_FAMILY = 1;
			};
			name = Release;
		};
/* End XCBuildConfiguration section */

/* Begin XCConfigurationList section */
		08742D5F6BA1528541E1E776 /* Build configuration list for PBXNativeTarget "EasyStreet" */ = {
			isa = XCConfigurationList;
			buildConfigurations = (
				66A0E30EC3493E39DB7EC094 /* Debug */,
				AE8E0C6754BD8AF97082548B /* Release */,
			);
			defaultConfigurationIsVisible = 0;
			defaultConfigurationName = Debug;
		};
		271684023474B5EF12FBFBAB /* Build configuration list for PBXProject "EasyStreet" */ = {
			isa = XCConfigurationList;
			buildConfigurations = (
				6CBA1831EBA825220EC93839 /* Debug */,
				10510DEF506F1C49E9077F27 /* Release */,
			);
			defaultConfigurationIsVisible = 0;
			defaultConfigurationName = Debug;
		};
		6947F0DA18C0806D481E34A1 /* Build configuration list for PBXNativeTarget "EasyStreetTests" */ = {
			isa = XCConfigurationList;
			buildConfigurations = (
				648F58920CA9B85A3884623B /* Debug */,
				8198FF135D12108017F9E80D /* Release */,
			);
			defaultConfigurationIsVisible = 0;
			defaultConfigurationName = Debug;
		};
/* End XCConfigurationList section */
	};
	rootObject = 18738428792331341B8D518A /* Project object */;
}
